
Microsoft Visual Studio Solution File, Format Version 12.00
# Visual Studio Version 17
VisualStudioVersion = 17.5.002.0
MinimumVisualStudioVersion = 10.0.40219.1
Project("{9A19103F-16F7-4668-BE54-9A1E7A4F7556}") = "CatalogoAPI", "CatalogoAPI.csproj", "{957D4A58-96B5-4457-B8A8-C6250DB2C37F}"
EndProject
Global
	GlobalSection(SolutionConfigurationPlatforms) = preSolution
		Debug|Any CPU = Debug|Any CPU
		Release|Any CPU = Release|Any CPU
	EndGlobalSection
	GlobalSection(ProjectConfigurationPlatforms) = postSolution
		{957D4A58-96B5-4457-B8A8-C6250DB2C37F}.Debug|Any CPU.ActiveCfg = Debug|Any CPU
		{957D4A58-96B5-4457-B8A8-C6250DB2C37F}.Debug|Any CPU.Build.0 = Debug|Any CPU
		{957D4A58-96B5-4457-B8A8-C6250DB2C37F}.Release|Any CPU.ActiveCfg = Release|Any CPU
		{957D4A58-96B5-4457-B8A8-C6250DB2C37F}.Release|Any CPU.Build.0 = Release|Any CPU
	EndGlobalSection
	GlobalSection(SolutionProperties) = preSolution
		HideSolutionNode = FALSE
	EndGlobalSection
	GlobalSection(ExtensibilityGlobals) = postSolution
		SolutionGuid = {6D4DE0D8-B289-49C1-990A-47E2127BF176}
	EndGlobalSection
EndGlobal
